// !$*UTF8*$!
{
	archiveVersion = 1;
	classes = {
	};
	objectVersion = 51;
	objects = {

/* Begin PBXBuildFile section */
		22442BB4256D4D2800ED3155 /* AppDelegate.swift in Sources */ = {isa = PBXBuildFile; fileRef = 22442BB3256D4D2800ED3155 /* AppDelegate.swift */; };
		22442BB6256D4D2800ED3155 /* SceneDelegate.swift in Sources */ = {isa = PBXBuildFile; fileRef = 22442BB5256D4D2800ED3155 /* SceneDelegate.swift */; };
		22442BB8256D4D2800ED3155 /* ViewController.swift in Sources */ = {isa = PBXBuildFile; fileRef = 22442BB7256D4D2800ED3155 /* ViewController.swift */; };
		22442BBB256D4D2800ED3155 /* Main.storyboard in Resources */ = {isa = PBXBuildFile; fileRef = 22442BB9256D4D2800ED3155 /* Main.storyboard */; };
		22442BBD256D4D2A00ED3155 /* Assets.xcassets in Resources */ = {isa = PBXBuildFile; fileRef = 22442BBC256D4D2A00ED3155 /* Assets.xcassets */; };
		22442BC0256D4D2A00ED3155 /* LaunchScreen.storyboard in Resources */ = {isa = PBXBuildFile; fileRef = 22442BBE256D4D2A00ED3155 /* LaunchScreen.storyboard */; };
		22442BC8256D54BC00ED3155 /* AlertService.swift in Sources */ = {isa = PBXBuildFile; fileRef = 22442BC7256D54BC00ED3155 /* AlertService.swift */; };
		7AD2C7D4A35CCCA8C8C1754D /* Pods_contactsList.framework in Frameworks */ = {isa = PBXBuildFile; fileRef = 58F66EA05E2B23CC7A88E8E2 /* Pods_contactsList.framework */; };
/* End PBXBuildFile section */

/* Begin PBXFileReference section */
		22442BB0256D4D2800ED3155 /* contactsList.app */ = {isa = PBXFileReference; explicitFileType = wrapper.application; includeInIndex = 0; path = contactsList.app; sourceTree = BUILT_PRODUCTS_DIR; };
		22442BB3256D4D2800ED3155 /* AppDelegate.swift */ = {isa = PBXFileReference; lastKnownFileType = sourcecode.swift; path = AppDelegate.swift; sourceTree = "<group>"; };
		22442BB5256D4D2800ED3155 /* SceneDelegate.swift */ = {isa = PBXFileReference; lastKnownFileType = sourcecode.swift; path = SceneDelegate.swift; sourceTree = "<group>"; };
		22442BB7256D4D2800ED3155 /* ViewController.swift */ = {isa = PBXFileReference; lastKnownFileType = sourcecode.swift; path = ViewController.swift; sourceTree = "<group>"; };
		22442BBA256D4D2800ED3155 /* Base */ = {isa = PBXFileReference; lastKnownFileType = file.storyboard; name = Base; path = Base.lproj/Main.storyboard; sourceTree = "<group>"; };
		22442BBC256D4D2A00ED3155 /* Assets.xcassets */ = {isa = PBXFileReference; lastKnownFileType = folder.assetcatalog; path = Assets.xcassets; sourceTree = "<group>"; };
		22442BBF256D4D2A00ED3155 /* Base */ = {isa = PBXFileReference; lastKnownFileType = file.storyboard; name = Base; path = Base.lproj/LaunchScreen.storyboard; sourceTree = "<group>"; };
		22442BC1256D4D2A00ED3155 /* Info.plist */ = {isa = PBXFileReference; lastKnownFileType = text.plist.xml; path = Info.plist; sourceTree = "<group>"; };
		22442BC7256D54BC00ED3155 /* AlertService.swift */ = {isa = PBXFileReference; lastKnownFileType = sourcecode.swift; path = AlertService.swift; sourceTree = "<group>"; };
		58F66EA05E2B23CC7A88E8E2 /* Pods_contactsList.framework */ = {isa = PBXFileReference; explicitFileType = wrapper.framework; includeInIndex = 0; path = Pods_contactsList.framework; sourceTree = BUILT_PRODUCTS_DIR; };
		90004FF8117B605438D37DF8 /* Pods-contactsList.debug.xcconfig */ = {isa = PBXFileReference; includeInIndex = 1; lastKnownFileType = text.xcconfig; name = "Pods-contactsList.debug.xcconfig"; path = "Target Support Files/Pods-contactsList/Pods-contactsList.debug.xcconfig"; sourceTree = "<group>"; };
		95D144453D497CC943DFDB39 /* Pods-contactsList.release.xcconfig */ = {isa = PBXFileReference; includeInIndex = 1; lastKnownFileType = text.xcconfig; name = "Pods-contactsList.release.xcconfig"; path = "Target Support Files/Pods-contactsList/Pods-contactsList.release.xcconfig"; sourceTree = "<group>"; };
/* End PBXFileReference section */

/* Begin PBXFrameworksBuildPhase section */
		22442BAD256D4D2800ED3155 /* Frameworks */ = {
			isa = PBXFrameworksBuildPhase;
			buildActionMask = 2147483647;
			files = (
				7AD2C7D4A35CCCA8C8C1754D /* Pods_contactsList.framework in Frameworks */,
			);
			runOnlyForDeploymentPostprocessing = 0;
		};
/* End PBXFrameworksBuildPhase section */

/* Begin PBXGroup section */
		22442BA7256D4D2800ED3155 = {
			isa = PBXGroup;
			children = (
				22442BB2256D4D2800ED3155 /* contactsList */,
				22442BB1256D4D2800ED3155 /* Products */,
				E8A95B7091D1B4C3C9F9C2EB /* Pods */,
				83D41D552D6401EB1ACC3FA6 /* Frameworks */,
			);
			sourceTree = "<group>";
		};
		22442BB1256D4D2800ED3155 /* Products */ = {
			isa = PBXGroup;
			children = (
				22442BB0256D4D2800ED3155 /* contactsList.app */,
			);
			name = Products;
			sourceTree = "<group>";
		};
		22442BB2256D4D2800ED3155 /* contactsList */ = {
			isa = PBXGroup;
			children = (
				22442BB3256D4D2800ED3155 /* AppDelegate.swift */,
				22442BB5256D4D2800ED3155 /* SceneDelegate.swift */,
				22442BB7256D4D2800ED3155 /* ViewController.swift */,
				22442BC7256D54BC00ED3155 /* AlertService.swift */,
				22442BB9256D4D2800ED3155 /* Main.storyboard */,
				22442BBC256D4D2A00ED3155 /* Assets.xcassets */,
				22442BBE256D4D2A00ED3155 /* LaunchScreen.storyboard */,
				22442BC1256D4D2A00ED3155 /* Info.plist */,
			);
			path = contactsList;
			sourceTree = "<group>";
		};
		83D41D552D6401EB1ACC3FA6 /* Frameworks */ = {
			isa = PBXGroup;
			children = (
				58F66EA05E2B23CC7A88E8E2 /* Pods_contactsList.framework */,
			);
			name = Frameworks;
			sourceTree = "<group>";
		};
		E8A95B7091D1B4C3C9F9C2EB /* Pods */ = {
			isa = PBXGroup;
			children = (
				90004FF8117B605438D37DF8 /* Pods-contactsList.debug.xcconfig */,
				95D144453D497CC943DFDB39 /* Pods-contactsList.release.xcconfig */,
			);
			path = Pods;
			sourceTree = "<group>";
		};
/* End PBXGroup section */

/* Begin PBXNativeTarget section */
		22442BAF256D4D2800ED3155 /* contactsList */ = {
			isa = PBXNativeTarget;
			buildConfigurationList = 22442BC4256D4D2A00ED3155 /* Build configuration list for PBXNativeTarget "contactsList" */;
			buildPhases = (
				47ECB5E08D1AF33E750BE4EC /* [CP] Check Pods Manifest.lock */,
				22442BAC256D4D2800ED3155 /* Sources */,
				22442BAD256D4D2800ED3155 /* Frameworks */,
				22442BAE256D4D2800ED3155 /* Resources */,
				630ECA266A361F44FAD7372B /* [CP] Embed Pods Frameworks */,
			);
			buildRules = (
			);
			dependencies = (
			);
			name = contactsList;
			productName = contactsList;
			productReference = 22442BB0256D4D2800ED3155 /* contactsList.app */;
			productType = "com.apple.product-type.application";
		};
/* End PBXNativeTarget section */

/* Begin PBXProject section */
		22442BA8256D4D2800ED3155 /* Project object */ = {
			isa = PBXProject;
			attributes = {
				LastSwiftUpdateCheck = 1160;
				LastUpgradeCheck = 1160;
				ORGANIZATIONNAME = "Alua Zhakieva";
				TargetAttributes = {
					22442BAF256D4D2800ED3155 = {
						CreatedOnToolsVersion = 11.6;
					};
				};
			};
			buildConfigurationList = 22442BAB256D4D2800ED3155 /* Build configuration list for PBXProject "contactsList" */;
			compatibilityVersion = "Xcode 9.3";
			developmentRegion = en;
			hasScannedForEncodings = 0;
			knownRegions = (
				en,
				Base,
			);
			mainGroup = 22442BA7256D4D2800ED3155;
			productRefGroup = 22442BB1256D4D2800ED3155 /* Products */;
			projectDirPath = "";
			projectRoot = "";
			targets = (
				22442BAF256D4D2800ED3155 /* contactsList */,
			);
		};
/* End PBXProject section */

/* Begin PBXResourcesBuildPhase section */
		22442BAE256D4D2800ED3155 /* Resources */ = {
			isa = PBXResourcesBuildPhase;
			buildActionMask = 2147483647;
			files = (
				22442BC0256D4D2A00ED3155 /* LaunchScreen.storyboard in Resources */,
				22442BBD256D4D2A00ED3155 /* Assets.xcassets in Resources */,
				22442BBB256D4D2800ED3155 /* Main.storyboard in Resources */,
			);
			runOnlyForDeploymentPostprocessing = 0;
		};
/* End PBXResourcesBuildPhase section */

/* Begin PBXShellScriptBuildPhase section */
		47ECB5E08D1AF33E750BE4EC /* [CP] Check Pods Manifest.lock */ = {
			isa = PBXShellScriptBuildPhase;
			buildActionMask = 2147483647;
			files = (
			);
			inputFileListPaths = (
			);
			inputPaths = (
				"${PODS_PODFILE_DIR_PATH}/Podfile.lock",
				"${PODS_ROOT}/Manifest.lock",
			);
			name = "[CP] Check Pods Manifest.lock";
			outputFileListPaths = (
			);
			outputPaths = (
				"$(DERIVED_FILE_DIR)/Pods-contactsList-checkManifestLockResult.txt",
			);
			runOnlyForDeploymentPostprocessing = 0;
			shellPath = /bin/sh;
			shellScript = "diff \"${PODS_PODFILE_DIR_PATH}/Podfile.lock\" \"${PODS_ROOT}/Manifest.lock\" > /dev/null\nif [ $? != 0 ] ; then\n    # print error to STDERR\n    echo \"error: The sandbox is not in sync with the Podfile.lock. Run 'pod install' or update your CocoaPods installation.\" >&2\n    exit 1\nfi\n# This output is used by Xcode 'outputs' to avoid re-running this script phase.\necho \"SUCCESS\" > \"${SCRIPT_OUTPUT_FILE_0}\"\n";
			showEnvVarsInLog = 0;
		};
		630ECA266A361F44FAD7372B /* [CP] Embed Pods Frameworks */ = {
			isa = PBXShellScriptBuildPhase;
			buildActionMask = 2147483647;
			files = (
			);
			inputFileListPaths = (
				"${PODS_ROOT}/Target Support Files/Pods-contactsList/Pods-contactsList-frameworks-${CONFIGURATION}-input-files.xcfilelist",
			);
			name = "[CP] Embed Pods Frameworks";
			outputFileListPaths = (
				"${PODS_ROOT}/Target Support Files/Pods-contactsList/Pods-contactsList-frameworks-${CONFIGURATION}-output-files.xcfilelist",
			);
			runOnlyForDeploymentPostprocessing = 0;
			shellPath = /bin/sh;
			shellScript = "\"${PODS_ROOT}/Target Support Files/Pods-contactsList/Pods-contactsList-frameworks.sh\"\n";
			showEnvVarsInLog = 0;
		};
/* End PBXShellScriptBuildPhase section */

/* Begin PBXSourcesBuildPhase section */
		22442BAC256D4D2800ED3155 /* Sources */ = {
			isa = PBXSourcesBuildPhase;
			buildActionMask = 2147483647;
			files = (
				22442BB8256D4D2800ED3155 /* ViewController.swift in Sources */,
				22442BB4256D4D2800ED3155 /* AppDelegate.swift in Sources */,
				22442BC8256D54BC00ED3155 /* AlertService.swift in Sources */,
				22442BB6256D4D2800ED3155 /* SceneDelegate.swift in Sources */,
			);
			runOnlyForDeploymentPostprocessing = 0;
		};
/* End PBXSourcesBuildPhase section */

/* Begin PBXVariantGroup section */
		22442BB9256D4D2800ED3155 /* Main.storyboard */ = {
			isa = PBXVariantGroup;
			children = (
				22442BBA256D4D2800ED3155 /* Base */,
			);
			name = Main.storyboard;
			sourceTree = "<group>";
		};
		22442BBE256D4D2A00ED3155 /* LaunchScreen.storyboard */ = {
			isa = PBXVariantGroup;
			children = (
				22442BBF256D4D2A00ED3155 /* Base */,
			);
			name = LaunchScreen.storyboard;
			sourceTree = "<group>";
		};
/* End PBXVariantGroup section */

/* Begin XCBuildConfiguration section */
		22442BC2256D4D2A00ED3155 /* Debug */ = {
			isa = XCBuildConfiguration;
			buildSettings = {
				ALWAYS_SEARCH_USER_PATHS = NO;
				CLANG_ANALYZER_NONNULL = YES;
				CLANG_ANALYZER_NUMBER_OBJECT_CONVERSION = YES_AGGRESSIVE;
				CLANG_CXX_LANGUAGE_STANDARD = "gnu++14";
				CLANG_CXX_LIBRARY = "libc++";
				CLANG_ENABLE_MODULES = YES;
				CLANG_ENABLE_OBJC_ARC = YES;
				CLANG_ENABLE_OBJC_WEAK = YES;
				CLANG_WARN_BLOCK_CAPTURE_AUTORELEASING = YES;
				CLANG_WARN_BOOL_CONVERSION = YES;
				CLANG_WARN_COMMA = YES;
				CLANG_WARN_CONSTANT_CONVERSION = YES;
				CLANG_WARN_DEPRECATED_OBJC_IMPLEMENTATIONS = YES;
				CLANG_WARN_DIRECT_OBJC_ISA_USAGE = YES_ERROR;
				CLANG_WARN_DOCUMENTATION_COMMENTS = YES;
				CLANG_WARN_EMPTY_BODY = YES;
				CLANG_WARN_ENUM_CONVERSION = YES;
				CLANG_WARN_INFINITE_RECURSION = YES;
				CLANG_WARN_INT_CONVERSION = YES;
				CLANG_WARN_NON_LITERAL_NULL_CONVERSION = YES;
				CLANG_WARN_OBJC_IMPLICIT_RETAIN_SELF = YES;
				CLANG_WARN_OBJC_LITERAL_CONVERSION = YES;
				CLANG_WARN_OBJC_ROOT_CLASS = YES_ERROR;
				CLANG_WARN_RANGE_LOOP_ANALYSIS = YES;
				CLANG_WARN_STRICT_PROTOTYPES = YES;
				CLANG_WARN_SUSPICIOUS_MOVE = YES;
				CLANG_WARN_UNGUARDED_AVAILABILITY = YES_AGGRESSIVE;
				CLANG_WARN_UNREACHABLE_CODE = YES;
				CLANG_WARN__DUPLICATE_METHOD_MATCH = YES;
				COPY_PHASE_STRIP = NO;
				DEBUG_INFORMATION_FORMAT = dwarf;
				ENABLE_STRICT_OBJC_MSGSEND = YES;
				ENABLE_TESTABILITY = YES;
				GCC_C_LANGUAGE_STANDARD = gnu11;
				GCC_DYNAMIC_NO_PIC = NO;
				GCC_NO_COMMON_BLOCKS = YES;
				GCC_OPTIMIZATION_LEVEL = 0;
				GCC_PREPROCESSOR_DEFINITIONS = (
					"DEBUG=1",
					"$(inherited)",
				);
				GCC_WARN_64_TO_32_BIT_CONVERSION = YES;
				GCC_WARN_ABOUT_RETURN_TYPE = YES_ERROR;
				GCC_WARN_UNDECLARED_SELECTOR = YES;
				GCC_WARN_UNINITIALIZED_AUTOS = YES_AGGRESSIVE;
				GCC_WARN_UNUSED_FUNCTION = YES;
				GCC_WARN_UNUSED_VARIABLE = YES;
				IPHONEOS_DEPLOYMENT_TARGET = 13.6;
				MTL_ENABLE_DEBUG_INFO = INCLUDE_SOURCE;
				MTL_FAST_MATH = YES;
				ONLY_ACTIVE_ARCH = YES;
				SDKROOT = iphoneos;
				SWIFT_ACTIVE_COMPILATION_CONDITIONS = DEBUG;
				SWIFT_OPTIMIZATION_LEVEL = "-Onone";
			};
			name = Debug;
		};
		22442BC3256D4D2A00ED3155 /* Release */ = {
			isa = XCBuildConfiguration;
			buildSettings = {
				ALWAYS_SEARCH_USER_PATHS = NO;
				CLANG_ANALYZER_NONNULL = YES;
				CLANG_ANALYZER_NUMBER_OBJECT_CONVERSION = YES_AGGRESSIVE;
				CLANG_CXX_LANGUAGE_STANDARD = "gnu++14";
				CLANG_CXX_LIBRARY = "libc++";
				CLANG_ENABLE_MODULES = YES;
				CLANG_ENABLE_OBJC_ARC = YES;
				CLANG_ENABLE_OBJC_WEAK = YES;
				CLANG_WARN_BLOCK_CAPTURE_AUTORELEASING = YES;
				CLANG_WARN_BOOL_CONVERSION = YES;
				CLANG_WARN_COMMA = YES;
				CLANG_WARN_CONSTANT_CONVERSION = YES;
				CLANG_WARN_DEPRECATED_OBJC_IMPLEMENTATIONS = YES;
				CLANG_WARN_DIRECT_OBJC_ISA_USAGE = YES_ERROR;
				CLANG_WARN_DOCUMENTATION_COMMENTS = YES;
				CLANG_WARN_EMPTY_BODY = YES;
				CLANG_WARN_ENUM_CONVERSION = YES;
				CLANG_WARN_INFINITE_RECURSION = YES;
				CLANG_WARN_INT_CONVERSION = YES;
				CLANG_WARN_NON_LITERAL_NULL_CONVERSION = YES;
				CLANG_WARN_OBJC_IMPLICIT_RETAIN_SELF = YES;
				CLANG_WARN_OBJC_LITERAL_CONVERSION = YES;
				CLANG_WARN_OBJC_ROOT_CLASS = YES_ERROR;
				CLANG_WARN_RANGE_LOOP_ANALYSIS = YES;
				CLANG_WARN_STRICT_PROTOTYPES = YES;
				CLANG_WARN_SUSPICIOUS_MOVE = YES;
				CLANG_WARN_UNGUARDED_AVAILABILITY = YES_AGGRESSIVE;
				CLANG_WARN_UNREACHABLE_CODE = YES;
				CLANG_WARN__DUPLICATE_METHOD_MATCH = YES;
				COPY_PHASE_STRIP = NO;
				DEBUG_INFORMATION_FORMAT = "dwarf-with-dsym";
				ENABLE_NS_ASSERTIONS = NO;
				ENABLE_STRICT_OBJC_MSGSEND = YES;
				GCC_C_LANGUAGE_STANDARD = gnu11;
				GCC_NO_COMMON_BLOCKS = YES;
				GCC_WARN_64_TO_32_BIT_CONVERSION = YES;
				GCC_WARN_ABOUT_RETURN_TYPE = YES_ERROR;
				GCC_WARN_UNDECLARED_SELECTOR = YES;
				GCC_WARN_UNINITIALIZED_AUTOS = YES_AGGRESSIVE;
				GCC_WARN_UNUSED_FUNCTION = YES;
				GCC_WARN_UNUSED_VARIABLE = YES;
				IPHONEOS_DEPLOYMENT_TARGET = 13.6;
				MTL_ENABLE_DEBUG_INFO = NO;
				MTL_FAST_MATH = YES;
				SDKROOT = iphoneos;
				SWIFT_COMPILATION_MODE = wholemodule;
				SWIFT_OPTIMIZATION_LEVEL = "-O";
				VALIDATE_PRODUCT = YES;
			};
			name = Release;
		};
		22442BC5256D4D2A00ED3155 /* Debug */ = {
			isa = XCBuildConfiguration;
			baseConfigurationReference = 90004FF8117B605438D37DF8 /* Pods-contactsList.debug.xcconfig */;
			buildSettings = {
				ASSETCATALOG_COMPILER_APPICON_NAME = AppIcon;
				CODE_SIGN_STYLE = Automatic;
				DEVELOPMENT_TEAM = VC3TJ9N4LH;
				INFOPLIST_FILE = contactsList/Info.plist;
				LD_RUNPATH_SEARCH_PATHS = (
					"$(inherited)",
					"@executable_path/Frameworks",
				);
				PRODUCT_BUNDLE_IDENTIFIER = iitu.contactsList;
				PRODUCT_NAME = "$(TARGET_NAME)";
				SWIFT_VERSION = 5.0;
				TARGETED_DEVICE_FAMILY = "1,2";
			};
			name = Debug;
		};
		22442BC6256D4D2A00ED3155 /* Release */ = {
			isa = XCBuildConfiguration;
			baseConfigurationReference = 95D144453D497CC943DFDB39 /* Pods-contactsList.release.xcconfig */;
			buildSettings = {
				ASSETCATALOG_COMPILER_APPICON_NAME = AppIcon;
				CODE_SIGN_STYLE = Automatic;
				DEVELOPMENT_TEAM = VC3TJ9N4LH;
				INFOPLIST_FILE = contactsList/Info.plist;
				LD_RUNPATH_SEARCH_PATHS = (
					"$(inherited)",
					"@executable_path/Frameworks",
				);
				PRODUCT_BUNDLE_IDENTIFIER = iitu.contactsList;
				PRODUCT_NAME = "$(TARGET_NAME)";
				SWIFT_VERSION = 5.0;
				TARGETED_DEVICE_FAMILY = "1,2";
			};
			name = Release;
		};
/* End XCBuildConfiguration section */

/* Begin XCConfigurationList section */
		22442BAB256D4D2800ED3155 /* Build configuration list for PBXProject "contactsList" */ = {
			isa = XCConfigurationList;
			buildConfigurations = (
				22442BC2256D4D2A00ED3155 /* Debug */,
				22442BC3256D4D2A00ED3155 /* Release */,
			);
			defaultConfigurationIsVisible = 0;
			defaultConfigurationName = Release;
		};
		22442BC4256D4D2A00ED3155 /* Build configuration list for PBXNativeTarget "contactsList" */ = {
			isa = XCConfigurationList;
			buildConfigurations = (
				22442BC5256D4D2A00ED3155 /* Debug */,
				22442BC6256D4D2A00ED3155 /* Release */,
			);
			defaultConfigurationIsVisible = 0;
			defaultConfigurationName = Release;
		};
/* End XCConfigurationList section */
	};
	rootObject = 22442BA8256D4D2800ED3155 /* Project object */;
}
